// !$*UTF8*$!
{
	archiveVersion = 1;
	classes = {
	};
	objectVersion = 77;
	objects = {

/* Begin PBXContainerItemProxy section */
		DBB3AA6D2F52A0FE00F99705 /* PBXContainerItemProxy */ = {
			isa = PBXContainerItemProxy;
			containerPortal = DBB3AA572F52A0FD00F99705 /* Project object */;
			proxyType = 1;
			remoteGlobalIDString = DBB3AA5E2F52A0FD00F99705;
			remoteInfo = Henson_Day;
		};
		DBB3AA772F52A0FE00F99705 /* PBXContainerItemProxy */ = {
			isa = PBXContainerItemProxy;
			containerPortal = DBB3AA572F52A0FD00F99705 /* Project object */;
			proxyType = 1;
			remoteGlobalIDString = DBB3AA5E2F52A0FD00F99705;
			remoteInfo = Henson_Day;
		};
/* End PBXContainerItemProxy section */

/* Begin PBXFileReference section */
		788F72702F622FFE004EE753 /* Henson_Day.xcodeproj */ = {isa = PBXFileReference; lastKnownFileType = "wrapper.pb-project"; path = Henson_Day.xcodeproj; sourceTree = "<group>"; };
		DB43930D2F86EEE800948D85 /* Henson_Day.xcodeproj */ = {isa = PBXFileReference; lastKnownFileType = "wrapper.pb-project"; path = Henson_Day.xcodeproj; sourceTree = "<group>"; };
		DBB3AA5F2F52A0FD00F99705 /* Henson_Day.app */ = {isa = PBXFileReference; explicitFileType = wrapper.application; includeInIndex = 0; path = Henson_Day.app; sourceTree = BUILT_PRODUCTS_DIR; };
		DBB3AA6C2F52A0FE00F99705 /* Henson_DayTests.xctest */ = {isa = PBXFileReference; explicitFileType = wrapper.cfbundle; includeInIndex = 0; path = Henson_DayTests.xctest; sourceTree = BUILT_PRODUCTS_DIR; };
		DBB3AA762F52A0FE00F99705 /* Henson_DayUITests.xctest */ = {isa = PBXFileReference; explicitFileType = wrapper.cfbundle; includeInIndex = 0; path = Henson_DayUITests.xctest; sourceTree = BUILT_PRODUCTS_DIR; };
		DBEDE3E02F7DB472007BB55E /* Henson_Day.xcodeproj */ = {isa = PBXFileReference; lastKnownFileType = "wrapper.pb-project"; path = Henson_Day.xcodeproj; sourceTree = "<group>"; };
/* End PBXFileReference section */

/* Begin PBXFileSystemSynchronizedRootGroup section */
		DBB3AA612F52A0FD00F99705 /* Henson_Day */ = {
			isa = PBXFileSystemSynchronizedRootGroup;
			path = Henson_Day;
			sourceTree = "<group>";
		};
		DBB3AA6F2F52A0FE00F99705 /* Henson_DayTests */ = {
			isa = PBXFileSystemSynchronizedRootGroup;
			path = Henson_DayTests;
			sourceTree = "<group>";
		};
		DBB3AA792F52A0FE00F99705 /* Henson_DayUITests */ = {
			isa = PBXFileSystemSynchronizedRootGroup;
			path = Henson_DayUITests;
			sourceTree = "<group>";
		};
/* End PBXFileSystemSynchronizedRootGroup section */

/* Begin PBXFrameworksBuildPhase section */
		DBB3AA5C2F52A0FD00F99705 /* Frameworks */ = {
			isa = PBXFrameworksBuildPhase;
			buildActionMask = 2147483647;
			files = (
			);
			runOnlyForDeploymentPostprocessing = 0;
		};
		DBB3AA692F52A0FE00F99705 /* Frameworks */ = {
			isa = PBXFrameworksBuildPhase;
			buildActionMask = 2147483647;
			files = (
			);
			runOnlyForDeploymentPostprocessing = 0;
		};
		DBB3AA732F52A0FE00F99705 /* Frameworks */ = {
			isa = PBXFrameworksBuildPhase;
			buildActionMask = 2147483647;
			files = (
			);
			runOnlyForDeploymentPostprocessing = 0;
		};
/* End PBXFrameworksBuildPhase section */

/* Begin PBXGroup section */
		788F72742F622FFE004EE753 /* Products */ = {
			isa = PBXGroup;
			name = Products;
			sourceTree = "<group>";
		};
		DB43930F2F86EEE800948D85 /* Products */ = {
			isa = PBXGroup;
			name = Products;
			sourceTree = "<group>";
		};
		DBB3AA562F52A0FD00F99705 = {
			isa = PBXGroup;
			children = (
				DBB3AA612F52A0FD00F99705 /* Henson_Day */,
				DBB3AA6F2F52A0FE00F99705 /* Henson_DayTests */,
				DBB3AA792F52A0FE00F99705 /* Henson_DayUITests */,
				DBB3AA602F52A0FD00F99705 /* Products */,
			);
			sourceTree = "<group>";
		};
		DBB3AA602F52A0FD00F99705 /* Products */ = {
			isa = PBXGroup;
			children = (
				DBB3AA5F2F52A0FD00F99705 /* Henson_Day.app */,
				DBB3AA6C2F52A0FE00F99705 /* Henson_DayTests.xctest */,
				DBB3AA762F52A0FE00F99705 /* Henson_DayUITests.xctest */,
			);
			name = Products;
			sourceTree = "<group>";
		};
		DBEDE3E22F7DB472007BB55E /* Products */ = {
			isa = PBXGroup;
			name = Products;
			sourceTree = "<group>";
		};
/* End PBXGroup section */

/* Begin PBXNativeTarget section */
		DBB3AA5E2F52A0FD00F99705 /* Henson_Day */ = {
			isa = PBXNativeTarget;
			buildConfigurationList = DBB3AA802F52A0FE00F99705 /* Build configuration list for PBXNativeTarget "Henson_Day" */;
			buildPhases = (
				DBB3AA5B2F52A0FD00F99705 /* Sources */,
				DBB3AA5C2F52A0FD00F99705 /* Frameworks */,
				DBB3AA5D2F52A0FD00F99705 /* Resources */,
			);
			buildRules = (
			);
			dependencies = (
			);
			fileSystemSynchronizedGroups = (
				DBB3AA612F52A0FD00F99705 /* Henson_Day */,
			);
			name = Henson_Day;
			packageProductDependencies = (
			);
			productName = Henson_Day;
			productReference = DBB3AA5F2F52A0FD00F99705 /* Henson_Day.app */;
			productType = "com.apple.product-type.application";
		};
		DBB3AA6B2F52A0FE00F99705 /* Henson_DayTests */ = {
			isa = PBXNativeTarget;
			buildConfigurationList = DBB3AA832F52A0FE00F99705 /* Build configuration list for PBXNativeTarget "Henson_DayTests" */;
			buildPhases = (
				DBB3AA682F52A0FE00F99705 /* Sources */,
				DBB3AA692F52A0FE00F99705 /* Frameworks */,
				DBB3AA6A2F52A0FE00F99705 /* Resources */,
			);
			buildRules = (
			);
			dependencies = (
				DBB3AA6E2F52A0FE00F99705 /* PBXTargetDependency */,
			);
			fileSystemSynchronizedGroups = (
				DBB3AA6F2F52A0FE00F99705 /* Henson_DayTests */,
			);
			name = Henson_DayTests;
			packageProductDependencies = (
			);
			productName = Henson_DayTests;
			productReference = DBB3AA6C2F52A0FE00F99705 /* Henson_DayTests.xctest */;
			productType = "com.apple.product-type.bundle.unit-test";
		};
		DBB3AA752F52A0FE00F99705 /* Henson_DayUITests */ = {
			isa = PBXNativeTarget;
			buildConfigurationList = DBB3AA862F52A0FE00F99705 /* Build configuration list for PBXNativeTarget "Henson_DayUITests" */;
			buildPhases = (
				DBB3AA722F52A0FE00F99705 /* Sources */,
				DBB3AA732F52A0FE00F99705 /* Frameworks */,
				DBB3AA742F52A0FE00F99705 /* Resources */,
			);
			buildRules = (
			);
			dependencies = (
				DBB3AA782F52A0FE00F99705 /* PBXTargetDependency */,
			);
			fileSystemSynchronizedGroups = (
				DBB3AA792F52A0FE00F99705 /* Henson_DayUITests */,
			);
			name = Henson_DayUITests;
			packageProductDependencies = (
			);
			productName = Henson_DayUITests;
			productReference = DBB3AA762F52A0FE00F99705 /* Henson_DayUITests.xctest */;
			productType = "com.apple.product-type.bundle.ui-testing";
		};
/* End PBXNativeTarget section */

/* Begin PBXProject section */
		DBB3AA572F52A0FD00F99705 /* Project object */ = {
			isa = PBXProject;
			attributes = {
				BuildIndependentTargetsInParallel = 1;
				LastSwiftUpdateCheck = 2620;
				LastUpgradeCheck = 2620;
				TargetAttributes = {
					DBB3AA5E2F52A0FD00F99705 = {
						CreatedOnToolsVersion = 26.2;
					};
					DBB3AA6B2F52A0FE00F99705 = {
						CreatedOnToolsVersion = 26.2;
						TestTargetID = DBB3AA5E2F52A0FD00F99705;
					};
					DBB3AA752F52A0FE00F99705 = {
						CreatedOnToolsVersion = 26.2;
						TestTargetID = DBB3AA5E2F52A0FD00F99705;
					};
				};
			};
			buildConfigurationList = DBB3AA5A2F52A0FD00F99705 /* Build configuration list for PBXProject "Henson_Day" */;
			developmentRegion = en;
			hasScannedForEncodings = 0;
			knownRegions = (
				en,
				Base,
			);
			mainGroup = DBB3AA562F52A0FD00F99705;
			minimizedProjectReferenceProxies = 1;
			preferredProjectObjectVersion = 77;
			productRefGroup = DBB3AA602F52A0FD00F99705 /* Products */;
			projectDirPath = "";
			projectReferences = (
				{
					ProductGroup = 788F72742F622FFE004EE753 /* Products */;
					ProjectRef = 788F72702F622FFE004EE753 /* Henson_Day.xcodeproj */;
				},
				{
					ProductGroup = DB43930F2F86EEE800948D85 /* Products */;
					ProjectRef = DB43930D2F86EEE800948D85 /* Henson_Day.xcodeproj */;
				},
					ProductGroup = DBEDE3E22F7DB472007BB55E /* Products */;
					ProjectRef = DBEDE3E02F7DB472007BB55E /* Henson_Day.xcodeproj */;
				},
			);
			projectRoot = "";
			targets = (
				DBB3AA5E2F52A0FD00F99705 /* Henson_Day */,
				DBB3AA6B2F52A0FE00F99705 /* Henson_DayTests */,
				DBB3AA752F52A0FE00F99705 /* Henson_DayUITests */,
			);
		};
/* End PBXProject section */

/* Begin PBXResourcesBuildPhase section */
		DBB3AA5D2F52A0FD00F99705 /* Resources */ = {
			isa = PBXResourcesBuildPhase;
			buildActionMask = 2147483647;
			files = (
			);
			runOnlyForDeploymentPostprocessing = 0;
		};
		DBB3AA6A2F52A0FE00F99705 /* Resources */ = {
			isa = PBXResourcesBuildPhase;
			buildActionMask = 2147483647;
			files = (
			);
			runOnlyForDeploymentPostprocessing = 0;
		};
		DBB3AA742F52A0FE00F99705 /* Resources */ = {
			isa = PBXResourcesBuildPhase;
			buildActionMask = 2147483647;
			files = (
			);
			runOnlyForDeploymentPostprocessing = 0;
		};
/* End PBXResourcesBuildPhase section */

/* Begin PBXSourcesBuildPhase section */
		DBB3AA5B2F52A0FD00F99705 /* Sources */ = {
			isa = PBXSourcesBuildPhase;
			buildActionMask = 2147483647;
			files = (
			);
			runOnlyForDeploymentPostprocessing = 0;
		};
		DBB3AA682F52A0FE00F99705 /* Sources */ = {
			isa = PBXSourcesBuildPhase;
			buildActionMask = 2147483647;
			files = (
			);
			runOnlyForDeploymentPostprocessing = 0;
		};
		DBB3AA722F52A0FE00F99705 /* Sources */ = {
			isa = PBXSourcesBuildPhase;
			buildActionMask = 2147483647;
			files = (
			);
			runOnlyForDeploymentPostprocessing = 0;
		};
/* End PBXSourcesBuildPhase section */

/* Begin PBXTargetDependency section */
		DBB3AA6E2F52A0FE00F99705 /* PBXTargetDependency */ = {
			isa = PBXTargetDependency;
			target = DBB3AA5E2F52A0FD00F99705 /* Henson_Day */;
			targetProxy = DBB3AA6D2F52A0FE00F99705 /* PBXContainerItemProxy */;
		};
		DBB3AA782F52A0FE00F99705 /* PBXTargetDependency */ = {
			isa = PBXTargetDependency;
			target = DBB3AA5E2F52A0FD00F99705 /* Henson_Day */;
			targetProxy = DBB3AA772F52A0FE00F99705 /* PBXContainerItemProxy */;
		};
/* End PBXTargetDependency section */

/* Begin XCBuildConfiguration section */
		DBB3AA7E2F52A0FE00F99705 /* Debug */ = {
			isa = XCBuildConfiguration;
			buildSettings = {
				ALWAYS_SEARCH_USER_PATHS = NO;
				ASSETCATALOG_COMPILER_GENERATE_SWIFT_ASSET_SYMBOL_EXTENSIONS = YES;
				CLANG_ANALYZER_NONNULL = YES;
				CLANG_ANALYZER_NUMBER_OBJECT_CONVERSION = YES_AGGRESSIVE;
				CLANG_CXX_LANGUAGE_STANDARD = "gnu++20";
				CLANG_ENABLE_MODULES = YES;
				CLANG_ENABLE_OBJC_ARC = YES;
				CLANG_ENABLE_OBJC_WEAK = YES;
				CLANG_WARN_BLOCK_CAPTURE_AUTORELEASING = YES;
				CLANG_WARN_BOOL_CONVERSION = YES;
				CLANG_WARN_COMMA = YES;
				CLANG_WARN_CONSTANT_CONVERSION = YES;
				CLANG_WARN_DEPRECATED_OBJC_IMPLEMENTATIONS = YES;
				CLANG_WARN_DIRECT_OBJC_ISA_USAGE = YES_ERROR;
				CLANG_WARN_DOCUMENTATION_COMMENTS = YES;
				CLANG_WARN_EMPTY_BODY = YES;
				CLANG_WARN_ENUM_CONVERSION = YES;
				CLANG_WARN_INFINITE_RECURSION = YES;
				CLANG_WARN_INT_CONVERSION = YES;
				CLANG_WARN_NON_LITERAL_NULL_CONVERSION = YES;
				CLANG_WARN_OBJC_IMPLICIT_RETAIN_SELF = YES;
				CLANG_WARN_OBJC_LITERAL_CONVERSION = YES;
				CLANG_WARN_OBJC_ROOT_CLASS = YES_ERROR;
				CLANG_WARN_QUOTED_INCLUDE_IN_FRAMEWORK_HEADER = YES;
				CLANG_WARN_RANGE_LOOP_ANALYSIS = YES;
				CLANG_WARN_STRICT_PROTOTYPES = YES;
				CLANG_WARN_SUSPICIOUS_MOVE = YES;
				CLANG_WARN_UNGUARDED_AVAILABILITY = YES_AGGRESSIVE;
				CLANG_WARN_UNREACHABLE_CODE = YES;
				CLANG_WARN__DUPLICATE_METHOD_MATCH = YES;
				COPY_PHASE_STRIP = NO;
				DEBUG_INFORMATION_FORMAT = dwarf;
				DEVELOPMENT_TEAM = M2ZV7F454Z;
				ENABLE_STRICT_OBJC_MSGSEND = YES;
				ENABLE_TESTABILITY = YES;
				ENABLE_USER_SCRIPT_SANDBOXING = YES;
				GCC_C_LANGUAGE_STANDARD = gnu17;
				GCC_DYNAMIC_NO_PIC = NO;
				GCC_NO_COMMON_BLOCKS = YES;
				GCC_OPTIMIZATION_LEVEL = 0;
				GCC_PREPROCESSOR_DEFINITIONS = (
					"DEBUG=1",
					"$(inherited)",
				);
				GCC_WARN_64_TO_32_BIT_CONVERSION = YES;
				GCC_WARN_ABOUT_RETURN_TYPE = YES_ERROR;
				GCC_WARN_UNDECLARED_SELECTOR = YES;
				GCC_WARN_UNINITIALIZED_AUTOS = YES_AGGRESSIVE;
				GCC_WARN_UNUSED_FUNCTION = YES;
				GCC_WARN_UNUSED_VARIABLE = YES;
				IPHONEOS_DEPLOYMENT_TARGET = 26.2;
				LOCALIZATION_PREFERS_STRING_CATALOGS = YES;
				MTL_ENABLE_DEBUG_INFO = INCLUDE_SOURCE;
				MTL_FAST_MATH = YES;
				ONLY_ACTIVE_ARCH = YES;
				SDKROOT = iphoneos;
				SWIFT_ACTIVE_COMPILATION_CONDITIONS = "DEBUG $(inherited)";
				SWIFT_OPTIMIZATION_LEVEL = "-Onone";
			};
			name = Debug;
		};
		DBB3AA7F2F52A0FE00F99705 /* Release */ = {
			isa = XCBuildConfiguration;
			buildSettings = {
				ALWAYS_SEARCH_USER_PATHS = NO;
				ASSETCATALOG_COMPILER_GENERATE_SWIFT_ASSET_SYMBOL_EXTENSIONS = YES;
				CLANG_ANALYZER_NONNULL = YES;
				CLANG_ANALYZER_NUMBER_OBJECT_CONVERSION = YES_AGGRESSIVE;
				CLANG_CXX_LANGUAGE_STANDARD = "gnu++20";
				CLANG_ENABLE_MODULES = YES;
				CLANG_ENABLE_OBJC_ARC = YES;
				CLANG_ENABLE_OBJC_WEAK = YES;
				CLANG_WARN_BLOCK_CAPTURE_AUTORELEASING = YES;
				CLANG_WARN_BOOL_CONVERSION = YES;
				CLANG_WARN_COMMA = YES;
				CLANG_WARN_CONSTANT_CONVERSION = YES;
				CLANG_WARN_DEPRECATED_OBJC_IMPLEMENTATIONS = YES;
				CLANG_WARN_DIRECT_OBJC_ISA_USAGE = YES_ERROR;
				CLANG_WARN_DOCUMENTATION_COMMENTS = YES;
				CLANG_WARN_EMPTY_BODY = YES;
				CLANG_WARN_ENUM_CONVERSION = YES;
				CLANG_WARN_INFINITE_RECURSION = YES;
				CLANG_WARN_INT_CONVERSION = YES;
				CLANG_WARN_NON_LITERAL_NULL_CONVERSION = YES;
				CLANG_WARN_OBJC_IMPLICIT_RETAIN_SELF = YES;
				CLANG_WARN_OBJC_LITERAL_CONVERSION = YES;
				CLANG_WARN_OBJC_ROOT_CLASS = YES_ERROR;
				CLANG_WARN_QUOTED_INCLUDE_IN_FRAMEWORK_HEADER = YES;
				CLANG_WARN_RANGE_LOOP_ANALYSIS = YES;
				CLANG_WARN_STRICT_PROTOTYPES = YES;
				CLANG_WARN_SUSPICIOUS_MOVE = YES;
				CLANG_WARN_UNGUARDED_AVAILABILITY = YES_AGGRESSIVE;
				CLANG_WARN_UNREACHABLE_CODE = YES;
				CLANG_WARN__DUPLICATE_METHOD_MATCH = YES;
				COPY_PHASE_STRIP = NO;
				DEBUG_INFORMATION_FORMAT = "dwarf-with-dsym";
				DEVELOPMENT_TEAM = M2ZV7F454Z;
				ENABLE_NS_ASSERTIONS = NO;
				ENABLE_STRICT_OBJC_MSGSEND = YES;
				ENABLE_USER_SCRIPT_SANDBOXING = YES;
				GCC_C_LANGUAGE_STANDARD = gnu17;
				GCC_NO_COMMON_BLOCKS = YES;
				GCC_WARN_64_TO_32_BIT_CONVERSION = YES;
				GCC_WARN_ABOUT_RETURN_TYPE = YES_ERROR;
				GCC_WARN_UNDECLARED_SELECTOR = YES;
				GCC_WARN_UNINITIALIZED_AUTOS = YES_AGGRESSIVE;
				GCC_WARN_UNUSED_FUNCTION = YES;
				GCC_WARN_UNUSED_VARIABLE = YES;
				IPHONEOS_DEPLOYMENT_TARGET = 26.2;
				LOCALIZATION_PREFERS_STRING_CATALOGS = YES;
				MTL_ENABLE_DEBUG_INFO = NO;
				MTL_FAST_MATH = YES;
				SDKROOT = iphoneos;
				SWIFT_COMPILATION_MODE = wholemodule;
				VALIDATE_PRODUCT = YES;
			};
			name = Release;
		};
		DBB3AA812F52A0FE00F99705 /* Debug */ = {
			isa = XCBuildConfiguration;
			buildSettings = {
				ASSETCATALOG_COMPILER_APPICON_NAME = AppIcon;
				ASSETCATALOG_COMPILER_GLOBAL_ACCENT_COLOR_NAME = AccentColor;
				CODE_SIGN_STYLE = Automatic;
				CURRENT_PROJECT_VERSION = 1;
				DEVELOPMENT_TEAM = M2ZV7F454Z;
				ENABLE_PREVIEWS = YES;
				GENERATE_INFOPLIST_FILE = YES;
				INFOPLIST_KEY_NSCameraUsageDescription = CAMERA_USAGE_DESCRIPTION;
				INFOPLIST_KEY_NSLocationWhenInUseUsageDescription = "Henson Day uses your location to center the minimap and support location-based AR collectibles.";
				INFOPLIST_KEY_UIApplicationSupportsIndirectInputEvents = YES;
				INFOPLIST_KEY_UILaunchScreen_Generation = YES;
				INFOPLIST_KEY_UIRequiredDeviceCapabilities = arkit;
				INFOPLIST_KEY_UIStatusBarHidden = YES;
				INFOPLIST_KEY_UISupportedInterfaceOrientations_iPad = "UIInterfaceOrientationPortrait UIInterfaceOrientationPortraitUpsideDown UIInterfaceOrientationLandscapeLeft UIInterfaceOrientationLandscapeRight";
				INFOPLIST_KEY_UISupportedInterfaceOrientations_iPhone = "UIInterfaceOrientationPortrait UIInterfaceOrientationLandscapeLeft UIInterfaceOrientationLandscapeRight";
				IPHONEOS_DEPLOYMENT_TARGET = 18.6;
				LD_RUNPATH_SEARCH_PATHS = (
					"$(inherited)",
					"@executable_path/Frameworks",
				);
				MARKETING_VERSION = 1.0;
				PRODUCT_BUNDLE_IDENTIFIER = "jjfrisch.Henson-Day";
				PRODUCT_NAME = "$(TARGET_NAME)";
				STRING_CATALOG_GENERATE_SYMBOLS = YES;
				SWIFT_APPROACHABLE_CONCURRENCY = YES;
				SWIFT_DEFAULT_ACTOR_ISOLATION = MainActor;
				SWIFT_EMIT_LOC_STRINGS = YES;
				SWIFT_UPCOMING_FEATURE_MEMBER_IMPORT_VISIBILITY = YES;
				SWIFT_VERSION = 5.0;
				TARGETED_DEVICE_FAMILY = "1,2";
			};
			name = Debug;
		};
		DBB3AA822F52A0FE00F99705 /* Release */ = {
			isa = XCBuildConfiguration;
			buildSettings = {
				ASSETCATALOG_COMPILER_APPICON_NAME = AppIcon;
				ASSETCATALOG_COMPILER_GLOBAL_ACCENT_COLOR_NAME = AccentColor;
				CODE_SIGN_STYLE = Automatic;
				CURRENT_PROJECT_VERSION = 1;
				DEVELOPMENT_TEAM = M2ZV7F454Z;
				ENABLE_PREVIEWS = YES;
				GENERATE_INFOPLIST_FILE = YES;
				INFOPLIST_KEY_NSCameraUsageDescription = CAMERA_USAGE_DESCRIPTION;
				INFOPLIST_KEY_NSLocationWhenInUseUsageDescription = "Henson Day uses your location to center the minimap and support location-based AR collectibles.";
				INFOPLIST_KEY_UIApplicationSupportsIndirectInputEvents = YES;
				INFOPLIST_KEY_UILaunchScreen_Generation = YES;
				INFOPLIST_KEY_UIRequiredDeviceCapabilities = arkit;
				INFOPLIST_KEY_UIStatusBarHidden = YES;
				INFOPLIST_KEY_UISupportedInterfaceOrientations_iPad = "UIInterfaceOrientationPortrait UIInterfaceOrientationPortraitUpsideDown UIInterfaceOrientationLandscapeLeft UIInterfaceOrientationLandscapeRight";
				INFOPLIST_KEY_UISupportedInterfaceOrientations_iPhone = "UIInterfaceOrientationPortrait UIInterfaceOrientationLandscapeLeft UIInterfaceOrientationLandscapeRight";
				IPHONEOS_DEPLOYMENT_TARGET = 18.6;
				LD_RUNPATH_SEARCH_PATHS = (
					"$(inherited)",
					"@executable_path/Frameworks",
				);
				MARKETING_VERSION = 1.0;
				PRODUCT_BUNDLE_IDENTIFIER = "jjfrisch.Henson-Day";
				PRODUCT_NAME = "$(TARGET_NAME)";
				STRING_CATALOG_GENERATE_SYMBOLS = YES;
				SWIFT_APPROACHABLE_CONCURRENCY = YES;
				SWIFT_DEFAULT_ACTOR_ISOLATION = MainActor;
				SWIFT_EMIT_LOC_STRINGS = YES;
				SWIFT_UPCOMING_FEATURE_MEMBER_IMPORT_VISIBILITY = YES;
				SWIFT_VERSION = 5.0;
				TARGETED_DEVICE_FAMILY = "1,2";
			};
			name = Release;
		};
		DBB3AA842F52A0FE00F99705 /* Debug */ = {
			isa = XCBuildConfiguration;
			buildSettings = {
				BUNDLE_LOADER = "$(TEST_HOST)";
				CODE_SIGN_STYLE = Automatic;
				CURRENT_PROJECT_VERSION = 1;
				DEVELOPMENT_TEAM = M2ZV7F454Z;
				GENERATE_INFOPLIST_FILE = YES;
				IPHONEOS_DEPLOYMENT_TARGET = 26.2;
				MARKETING_VERSION = 1.0;
				PRODUCT_BUNDLE_IDENTIFIER = "jjfrisch.Henson-DayTests";
				PRODUCT_NAME = "$(TARGET_NAME)";
				STRING_CATALOG_GENERATE_SYMBOLS = NO;
				SWIFT_APPROACHABLE_CONCURRENCY = YES;
				SWIFT_EMIT_LOC_STRINGS = NO;
				SWIFT_UPCOMING_FEATURE_MEMBER_IMPORT_VISIBILITY = YES;
				SWIFT_VERSION = 5.0;
				TARGETED_DEVICE_FAMILY = "1,2";
				TEST_HOST = "$(BUILT_PRODUCTS_DIR)/Henson_Day.app/$(BUNDLE_EXECUTABLE_FOLDER_PATH)/Henson_Day";
			};
			name = Debug;
		};
		DBB3AA852F52A0FE00F99705 /* Release */ = {
			isa = XCBuildConfiguration;
			buildSettings = {
				BUNDLE_LOADER = "$(TEST_HOST)";
				CODE_SIGN_STYLE = Automatic;
				CURRENT_PROJECT_VERSION = 1;
				DEVELOPMENT_TEAM = M2ZV7F454Z;
				GENERATE_INFOPLIST_FILE = YES;
				IPHONEOS_DEPLOYMENT_TARGET = 26.2;
				MARKETING_VERSION = 1.0;
				PRODUCT_BUNDLE_IDENTIFIER = "jjfrisch.Henson-DayTests";
				PRODUCT_NAME = "$(TARGET_NAME)";
				STRING_CATALOG_GENERATE_SYMBOLS = NO;
				SWIFT_APPROACHABLE_CONCURRENCY = YES;
				SWIFT_EMIT_LOC_STRINGS = NO;
				SWIFT_UPCOMING_FEATURE_MEMBER_IMPORT_VISIBILITY = YES;
				SWIFT_VERSION = 5.0;
				TARGETED_DEVICE_FAMILY = "1,2";
				TEST_HOST = "$(BUILT_PRODUCTS_DIR)/Henson_Day.app/$(BUNDLE_EXECUTABLE_FOLDER_PATH)/Henson_Day";
			};
			name = Release;
		};
		DBB3AA872F52A0FE00F99705 /* Debug */ = {
			isa = XCBuildConfiguration;
			buildSettings = {
				CODE_SIGN_STYLE = Automatic;
				CURRENT_PROJECT_VERSION = 1;
				DEVELOPMENT_TEAM = M2ZV7F454Z;
				GENERATE_INFOPLIST_FILE = YES;
				MARKETING_VERSION = 1.0;
				PRODUCT_BUNDLE_IDENTIFIER = "jjfrisch.Henson-DayUITests";
				PRODUCT_NAME = "$(TARGET_NAME)";
				STRING_CATALOG_GENERATE_SYMBOLS = NO;
				SWIFT_APPROACHABLE_CONCURRENCY = YES;
				SWIFT_EMIT_LOC_STRINGS = NO;
				SWIFT_UPCOMING_FEATURE_MEMBER_IMPORT_VISIBILITY = YES;
				SWIFT_VERSION = 5.0;
				TARGETED_DEVICE_FAMILY = "1,2";
				TEST_TARGET_NAME = Henson_Day;
			};
			name = Debug;
		};
		DBB3AA882F52A0FE00F99705 /* Release */ = {
			isa = XCBuildConfiguration;
			buildSettings = {
				CODE_SIGN_STYLE = Automatic;
				CURRENT_PROJECT_VERSION = 1;
				DEVELOPMENT_TEAM = M2ZV7F454Z;
				GENERATE_INFOPLIST_FILE = YES;
				MARKETING_VERSION = 1.0;
				PRODUCT_BUNDLE_IDENTIFIER = "jjfrisch.Henson-DayUITests";
				PRODUCT_NAME = "$(TARGET_NAME)";
				STRING_CATALOG_GENERATE_SYMBOLS = NO;
				SWIFT_APPROACHABLE_CONCURRENCY = YES;
				SWIFT_EMIT_LOC_STRINGS = NO;
				SWIFT_UPCOMING_FEATURE_MEMBER_IMPORT_VISIBILITY = YES;
				SWIFT_VERSION = 5.0;
				TARGETED_DEVICE_FAMILY = "1,2";
				TEST_TARGET_NAME = Henson_Day;
			};
			name = Release;
		};
/* End XCBuildConfiguration section */

/* Begin XCConfigurationList section */
		DBB3AA5A2F52A0FD00F99705 /* Build configuration list for PBXProject "Henson_Day" */ = {
			isa = XCConfigurationList;
			buildConfigurations = (
				DBB3AA7E2F52A0FE00F99705 /* Debug */,
				DBB3AA7F2F52A0FE00F99705 /* Release */,
			);
			defaultConfigurationIsVisible = 0;
			defaultConfigurationName = Release;
		};
		DBB3AA802F52A0FE00F99705 /* Build configuration list for PBXNativeTarget "Henson_Day" */ = {
			isa = XCConfigurationList;
			buildConfigurations = (
				DBB3AA812F52A0FE00F99705 /* Debug */,
				DBB3AA822F52A0FE00F99705 /* Release */,
			);
			defaultConfigurationIsVisible = 0;
			defaultConfigurationName = Release;
		};
		DBB3AA832F52A0FE00F99705 /* Build configuration list for PBXNativeTarget "Henson_DayTests" */ = {
			isa = XCConfigurationList;
			buildConfigurations = (
				DBB3AA842F52A0FE00F99705 /* Debug */,
				DBB3AA852F52A0FE00F99705 /* Release */,
			);
			defaultConfigurationIsVisible = 0;
			defaultConfigurationName = Release;
		};
		DBB3AA862F52A0FE00F99705 /* Build configuration list for PBXNativeTarget "Henson_DayUITests" */ = {
			isa = XCConfigurationList;
			buildConfigurations = (
				DBB3AA872F52A0FE00F99705 /* Debug */,
				DBB3AA882F52A0FE00F99705 /* Release */,
			);
			defaultConfigurationIsVisible = 0;
			defaultConfigurationName = Release;
		};
/* End XCConfigurationList section */
	};
	rootObject = DBB3AA572F52A0FD00F99705 /* Project object */;
}
