<?xml version="1.0" encoding="UTF-8"?>
<Scheme
   LastUpgradeVersion = "2620"
   version = "1.7">
   <BuildAction
      parallelizeBuildables = "YES"
      buildImplicitDependencies = "YES">
      <BuildActionEntries>
         <BuildActionEntry
            buildForTesting = "YES"
            buildForRunning = "YES"
            buildForProfiling = "YES"
            buildForArchiving = "YES"
            buildForAnalyzing = "YES">
            <BuildableReference
               BuildableIdentifier = "primary"
               BlueprintIdentifier = "DBB3AA5E2F52A0FD00F99705"
               BuildableName = "Henson_Day.app"
               BlueprintName = "Henson_Day"
               ReferencedContainer = "container:Henson_Day.xcodeproj">
            </BuildableReference>
         </BuildActionEntry>
      </BuildActionEntries>
   </BuildAction>
   <TestAction
      buildConfiguration = "Debug"
      selectedDebuggerIdentifier = "Xcode.DebuggerFoundation.Debugger.LLDB"
      selectedLauncherIdentifier = "Xcode.DebuggerFoundation.Launcher.LLDB"
      shouldUseLaunchSchemeArgsEnv = "YES">
      <Testables>
         <TestableReference
            skipped = "NO">
            <BuildableReference
               BuildableIdentifier = "primary"
               BlueprintIdentifier = "DBB3AA6B2F52A0FE00F99705"
               BuildableName = "Henson_DayTests.xctest"
               BlueprintName = "Henson_DayTests"
               ReferencedContainer = "container:Henson_Day.xcodeproj">
            </BuildableReference>
         </TestableReference>
         <TestableReference
            skipped = "NO">
            <BuildableReference
               BuildableIdentifier = "primary"
               BlueprintIdentifier = "DBB3AA752F52A0FE00F99705"
               BuildableName = "Henson_DayUITests.xctest"
               BlueprintName = "Henson_DayUITests"
               ReferencedContainer = "container:Henson_Day.xcodeproj">
            </BuildableReference>
         </TestableReference>
      </Testables>
      <MacroExpansion>
         <BuildableReference
            BuildableIdentifier = "primary"
            BlueprintIdentifier = "DBB3AA5E2F52A0FD00F99705"
            BuildableName = "Henson_Day.app"
            BlueprintName = "Henson_Day"
            ReferencedContainer = "container:Henson_Day.xcodeproj">
         </BuildableReference>
      </MacroExpansion>
   </TestAction>
   <LaunchAction
      buildConfiguration = "Release"
      selectedDebuggerIdentifier = "Xcode.DebuggerFoundation.Debugger.LLDB"
      selectedLauncherIdentifier = "Xcode.DebuggerFoundation.Launcher.LLDB"
      launchStyle = "0"
      useCustomWorkingDirectory = "NO"
      ignoresPersistentStateOnLaunch = "NO"
      debugDocumentVersioning = "YES"
      debugServiceExtension = "internal"
      allowLocationSimulation = "YES">
      <BuildableProductRunnable
         runnableDebuggingMode = "0">
         <BuildableReference
            BuildableIdentifier = "primary"
            BlueprintIdentifier = "DBB3AA5E2F52A0FD00F99705"
            BuildableName = "Henson_Day.app"
            BlueprintName = "Henson_Day"
            ReferencedContainer = "container:Henson_Day.xcodeproj">
         </BuildableReference>
      </BuildableProductRunnable>
      <EnvironmentVariables>
         <EnvironmentVariable
            key = "HENSON_ENVIRONMENT"
            value = "production"
            isEnabled = "YES">
         </EnvironmentVariable>
         <EnvironmentVariable
            key = "HENSON_API_BASE_URL"
            value = "https://api.hensonday.app"
            isEnabled = "YES">
         </EnvironmentVariable>
         <EnvironmentVariable
            key = "HENSON_USE_REMOTE_CONTENT"
            value = "true"
            isEnabled = "YES">
         </EnvironmentVariable>
         <EnvironmentVariable
            key = "HENSON_ENABLE_REMOTE_CAMPUS_CONFIG"
            value = "true"
            isEnabled = "YES">
         </EnvironmentVariable>
         <EnvironmentVariable
            key = "HENSON_ENABLE_ANALYTICS"
            value = "true"
            isEnabled = "YES">
         </EnvironmentVariable>
      </EnvironmentVariables>
   </LaunchAction>
   <ProfileAction
      buildConfiguration = "Release"
      shouldUseLaunchSchemeArgsEnv = "YES"
      savedToolIdentifier = ""
      useCustomWorkingDirectory = "NO"
      debugDocumentVersioning = "YES">
      <BuildableProductRunnable
         runnableDebuggingMode = "0">
         <BuildableReference
            BuildableIdentifier = "primary"
            BlueprintIdentifier = "DBB3AA5E2F52A0FD00F99705"
            BuildableName = "Henson_Day.app"
            BlueprintName = "Henson_Day"
            ReferencedContainer = "container:Henson_Day.xcodeproj">
         </BuildableReference>
      </BuildableProductRunnable>
      <EnvironmentVariables>
         <EnvironmentVariable
            key = "HENSON_ENVIRONMENT"
            value = "production"
            isEnabled = "YES">
         </EnvironmentVariable>
         <EnvironmentVariable
            key = "HENSON_API_BASE_URL"
            value = "https://api.hensonday.app"
            isEnabled = "YES">
         </EnvironmentVariable>
         <EnvironmentVariable
            key = "HENSON_USE_REMOTE_CONTENT"
            value = "true"
            isEnabled = "YES">
         </EnvironmentVariable>
         <EnvironmentVariable
            key = "HENSON_ENABLE_REMOTE_CAMPUS_CONFIG"
            value = "true"
            isEnabled = "YES">
         </EnvironmentVariable>
         <EnvironmentVariable
            key = "HENSON_ENABLE_ANALYTICS"
            value = "true"
            isEnabled = "YES">
         </EnvironmentVariable>
      </EnvironmentVariables>
   </ProfileAction>
   <AnalyzeAction
      buildConfiguration = "Release">
   </AnalyzeAction>
   <ArchiveAction
      buildConfiguration = "Release"
      revealArchiveInOrganizer = "YES">
   </ArchiveAction>
</Scheme>
